// !$*UTF8*$!
{
	archiveVersion = 1;
	classes = {
	};
	objectVersion = 50;
	objects = {

/* Begin PBXBuildFile section */
		95226DA3225B0365005802D8 /* AppDelegate.swift in Sources */ = {isa = PBXBuildFile; fileRef = 95226DA2225B0365005802D8 /* AppDelegate.swift */; };
		95226DA5225B0365005802D8 /* ViewController.swift in Sources */ = {isa = PBXBuildFile; fileRef = 95226DA4225B0365005802D8 /* ViewController.swift */; };
		95226DA8225B0365005802D8 /* Main.storyboard in Resources */ = {isa = PBXBuildFile; fileRef = 95226DA6225B0365005802D8 /* Main.storyboard */; };
		95226DAA225B0366005802D8 /* Assets.xcassets in Resources */ = {isa = PBXBuildFile; fileRef = 95226DA9225B0366005802D8 /* Assets.xcassets */; };
		95226DAD225B0366005802D8 /* LaunchScreen.storyboard in Resources */ = {isa = PBXBuildFile; fileRef = 95226DAB225B0366005802D8 /* LaunchScreen.storyboard */; };
		95A383B3225B81DB0047D475 /* Extension.swift in Sources */ = {isa = PBXBuildFile; fileRef = 95A383B2225B81DB0047D475 /* Extension.swift */; };
		95DA1AC0225C282C00E6B073 /* Color.swift in Sources */ = {isa = PBXBuildFile; fileRef = 95DA1ABF225C282C00E6B073 /* Color.swift */; };
/* End PBXBuildFile section */

/* Begin PBXFileReference section */
		95226D9F225B0365005802D8 /* Caculator app.app */ = {isa = PBXFileReference; explicitFileType = wrapper.application; includeInIndex = 0; path = "Caculator app.app"; sourceTree = BUILT_PRODUCTS_DIR; };
		95226DA2225B0365005802D8 /* AppDelegate.swift */ = {isa = PBXFileReference; lastKnownFileType = sourcecode.swift; path = AppDelegate.swift; sourceTree = "<group>"; };
		95226DA4225B0365005802D8 /* ViewController.swift */ = {isa = PBXFileReference; lastKnownFileType = sourcecode.swift; path = ViewController.swift; sourceTree = "<group>"; };
		95226DA7225B0365005802D8 /* Base */ = {isa = PBXFileReference; lastKnownFileType = file.storyboard; name = Base; path = Base.lproj/Main.storyboard; sourceTree = "<group>"; };
		95226DA9225B0366005802D8 /* Assets.xcassets */ = {isa = PBXFileReference; lastKnownFileType = folder.assetcatalog; path = Assets.xcassets; sourceTree = "<group>"; };
		95226DAC225B0366005802D8 /* Base */ = {isa = PBXFileReference; lastKnownFileType = file.storyboard; name = Base; path = Base.lproj/LaunchScreen.storyboard; sourceTree = "<group>"; };
		95226DAE225B0366005802D8 /* Info.plist */ = {isa = PBXFileReference; lastKnownFileType = text.plist.xml; path = Info.plist; sourceTree = "<group>"; };
		95A383B2225B81DB0047D475 /* Extension.swift */ = {isa = PBXFileReference; lastKnownFileType = sourcecode.swift; path = Extension.swift; sourceTree = "<group>"; };
		95DA1ABF225C282C00E6B073 /* Color.swift */ = {isa = PBXFileReference; lastKnownFileType = sourcecode.swift; path = Color.swift; sourceTree = "<group>"; };
/* End PBXFileReference section */

/* Begin PBXFrameworksBuildPhase section */
		95226D9C225B0365005802D8 /* Frameworks */ = {
			isa = PBXFrameworksBuildPhase;
			buildActionMask = 2147483647;
			files = (
			);
			runOnlyForDeploymentPostprocessing = 0;
		};
/* End PBXFrameworksBuildPhase section */

/* Begin PBXGroup section */
		95226D96225B0365005802D8 = {
			isa = PBXGroup;
			children = (
				95226DA1225B0365005802D8 /* Caculator app */,
				95226DA0225B0365005802D8 /* Products */,
			);
			sourceTree = "<group>";
		};
		95226DA0225B0365005802D8 /* Products */ = {
			isa = PBXGroup;
			children = (
				95226D9F225B0365005802D8 /* Caculator app.app */,
			);
			name = Products;
			sourceTree = "<group>";
		};
		95226DA1225B0365005802D8 /* Caculator app */ = {
			isa = PBXGroup;
			children = (
				95226DA2225B0365005802D8 /* AppDelegate.swift */,
				95226DA4225B0365005802D8 /* ViewController.swift */,
				95226DA6225B0365005802D8 /* Main.storyboard */,
				95226DA9225B0366005802D8 /* Assets.xcassets */,
				95226DAB225B0366005802D8 /* LaunchScreen.storyboard */,
				95226DAE225B0366005802D8 /* Info.plist */,
				95A383B2225B81DB0047D475 /* Extension.swift */,
				95DA1ABF225C282C00E6B073 /* Color.swift */,
			);
			path = "Caculator app";
			sourceTree = "<group>";
		};
/* End PBXGroup section */

/* Begin PBXNativeTarget section */
		95226D9E225B0365005802D8 /* Caculator app */ = {
			isa = PBXNativeTarget;
			buildConfigurationList = 95226DB1225B0366005802D8 /* Build configuration list for PBXNativeTarget "Caculator app" */;
			buildPhases = (
				95226D9B225B0365005802D8 /* Sources */,
				95226D9C225B0365005802D8 /* Frameworks */,
				95226D9D225B0365005802D8 /* Resources */,
			);
			buildRules = (
			);
			dependencies = (
			);
			name = "Caculator app";
			productName = "Caculator app";
			productReference = 95226D9F225B0365005802D8 /* Caculator app.app */;
			productType = "com.apple.product-type.application";
		};
/* End PBXNativeTarget section */

/* Begin PBXProject section */
		95226D97225B0365005802D8 /* Project object */ = {
			isa = PBXProject;
			attributes = {
				LastSwiftUpdateCheck = 0940;
				LastUpgradeCheck = 0940;
				ORGANIZATIONNAME = cuonghx;
				TargetAttributes = {
					95226D9E225B0365005802D8 = {
						CreatedOnToolsVersion = 9.4.1;
					};
				};
			};
			buildConfigurationList = 95226D9A225B0365005802D8 /* Build configuration list for PBXProject "Caculator app" */;
			compatibilityVersion = "Xcode 9.3";
			developmentRegion = en;
			hasScannedForEncodings = 0;
			knownRegions = (
				en,
				Base,
			);
			mainGroup = 95226D96225B0365005802D8;
			productRefGroup = 95226DA0225B0365005802D8 /* Products */;
			projectDirPath = "";
			projectRoot = "";
			targets = (
				95226D9E225B0365005802D8 /* Caculator app */,
			);
		};
/* End PBXProject section */

/* Begin PBXResourcesBuildPhase section */
		95226D9D225B0365005802D8 /* Resources */ = {
			isa = PBXResourcesBuildPhase;
			buildActionMask = 2147483647;
			files = (
				95226DAD225B0366005802D8 /* LaunchScreen.storyboard in Resources */,
				95226DAA225B0366005802D8 /* Assets.xcassets in Resources */,
				95226DA8225B0365005802D8 /* Main.storyboard in Resources */,
			);
			runOnlyForDeploymentPostprocessing = 0;
		};
/* End PBXResourcesBuildPhase section */

/* Begin PBXSourcesBuildPhase section */
		95226D9B225B0365005802D8 /* Sources */ = {
			isa = PBXSourcesBuildPhase;
			buildActionMask = 2147483647;
			files = (
				95A383B3225B81DB0047D475 /* Extension.swift in Sources */,
				95DA1AC0225C282C00E6B073 /* Color.swift in Sources */,
				95226DA5225B0365005802D8 /* ViewController.swift in Sources */,
				95226DA3225B0365005802D8 /* AppDelegate.swift in Sources */,
			);
			runOnlyForDeploymentPostprocessing = 0;
		};
/* End PBXSourcesBuildPhase section */

/* Begin PBXVariantGroup section */
		95226DA6225B0365005802D8 /* Main.storyboard */ = {
			isa = PBXVariantGroup;
			children = (
				95226DA7225B0365005802D8 /* Base */,
			);
			name = Main.storyboard;
			sourceTree = "<group>";
		};
		95226DAB225B0366005802D8 /* LaunchScreen.storyboard */ = {
			isa = PBXVariantGroup;
			children = (
				95226DAC225B0366005802D8 /* Base */,
			);
			name = LaunchScreen.storyboard;
			sourceTree = "<group>";
		};
/* End PBXVariantGroup section */

/* Begin XCBuildConfiguration section */
		95226DAF225B0366005802D8 /* Debug */ = {
			isa = XCBuildConfiguration;
			buildSettings = {
				ALWAYS_SEARCH_USER_PATHS = NO;
				CLANG_ANALYZER_NONNULL = YES;
				CLANG_ANALYZER_NUMBER_OBJECT_CONVERSION = YES_AGGRESSIVE;
				CLANG_CXX_LANGUAGE_STANDARD = "gnu++14";
				CLANG_CXX_LIBRARY = "libc++";
				CLANG_ENABLE_MODULES = YES;
				CLANG_ENABLE_OBJC_ARC = YES;
				CLANG_ENABLE_OBJC_WEAK = YES;
				CLANG_WARN_BLOCK_CAPTURE_AUTORELEASING = YES;
				CLANG_WARN_BOOL_CONVERSION = YES;
				CLANG_WARN_COMMA = YES;
				CLANG_WARN_CONSTANT_CONVERSION = YES;
				CLANG_WARN_DEPRECATED_OBJC_IMPLEMENTATIONS = YES;
				CLANG_WARN_DIRECT_OBJC_ISA_USAGE = YES_ERROR;
				CLANG_WARN_DOCUMENTATION_COMMENTS = YES;
				CLANG_WARN_EMPTY_BODY = YES;
				CLANG_WARN_ENUM_CONVERSION = YES;
				CLANG_WARN_INFINITE_RECURSION = YES;
				CLANG_WARN_INT_CONVERSION = YES;
				CLANG_WARN_NON_LITERAL_NULL_CONVERSION = YES;
				CLANG_WARN_OBJC_IMPLICIT_RETAIN_SELF = YES;
				CLANG_WARN_OBJC_LITERAL_CONVERSION = YES;
				CLANG_WARN_OBJC_ROOT_CLASS = YES_ERROR;
				CLANG_WARN_RANGE_LOOP_ANALYSIS = YES;
				CLANG_WARN_STRICT_PROTOTYPES = YES;
				CLANG_WARN_SUSPICIOUS_MOVE = YES;
				CLANG_WARN_UNGUARDED_AVAILABILITY = YES_AGGRESSIVE;
				CLANG_WARN_UNREACHABLE_CODE = YES;
				CLANG_WARN__DUPLICATE_METHOD_MATCH = YES;
				CODE_SIGN_IDENTITY = "iPhone Developer";
				COPY_PHASE_STRIP = NO;
				DEBUG_INFORMATION_FORMAT = dwarf;
				ENABLE_STRICT_OBJC_MSGSEND = YES;
				ENABLE_TESTABILITY = YES;
				GCC_C_LANGUAGE_STANDARD = gnu11;
				GCC_DYNAMIC_NO_PIC = NO;
				GCC_NO_COMMON_BLOCKS = YES;
				GCC_OPTIMIZATION_LEVEL = 0;
				GCC_PREPROCESSOR_DEFINITIONS = (
					"DEBUG=1",
					"$(inherited)",
				);
				GCC_WARN_64_TO_32_BIT_CONVERSION = YES;
				GCC_WARN_ABOUT_RETURN_TYPE = YES_ERROR;
				GCC_WARN_UNDECLARED_SELECTOR = YES;
				GCC_WARN_UNINITIALIZED_AUTOS = YES_AGGRESSIVE;
				GCC_WARN_UNUSED_FUNCTION = YES;
				GCC_WARN_UNUSED_VARIABLE = YES;
				IPHONEOS_DEPLOYMENT_TARGET = 11.4;
				MTL_ENABLE_DEBUG_INFO = YES;
				ONLY_ACTIVE_ARCH = YES;
				SDKROOT = iphoneos;
				SWIFT_ACTIVE_COMPILATION_CONDITIONS = DEBUG;
				SWIFT_OPTIMIZATION_LEVEL = "-Onone";
			};
			name = Debug;
		};
		95226DB0225B0366005802D8 /* Release */ = {
			isa = XCBuildConfiguration;
			buildSettings = {
				ALWAYS_SEARCH_USER_PATHS = NO;
				CLANG_ANALYZER_NONNULL = YES;
				CLANG_ANALYZER_NUMBER_OBJECT_CONVERSION = YES_AGGRESSIVE;
				CLANG_CXX_LANGUAGE_STANDARD = "gnu++14";
				CLANG_CXX_LIBRARY = "libc++";
				CLANG_ENABLE_MODULES = YES;
				CLANG_ENABLE_OBJC_ARC = YES;
				CLANG_ENABLE_OBJC_WEAK = YES;
				CLANG_WARN_BLOCK_CAPTURE_AUTORELEASING = YES;
				CLANG_WARN_BOOL_CONVERSION = YES;
				CLANG_WARN_COMMA = YES;
				CLANG_WARN_CONSTANT_CONVERSION = YES;
				CLANG_WARN_DEPRECATED_OBJC_IMPLEMENTATIONS = YES;
				CLANG_WARN_DIRECT_OBJC_ISA_USAGE = YES_ERROR;
				CLANG_WARN_DOCUMENTATION_COMMENTS = YES;
				CLANG_WARN_EMPTY_BODY = YES;
				CLANG_WARN_ENUM_CONVERSION = YES;
				CLANG_WARN_INFINITE_RECURSION = YES;
				CLANG_WARN_INT_CONVERSION = YES;
				CLANG_WARN_NON_LITERAL_NULL_CONVERSION = YES;
				CLANG_WARN_OBJC_IMPLICIT_RETAIN_SELF = YES;
				CLANG_WARN_OBJC_LITERAL_CONVERSION = YES;
				CLANG_WARN_OBJC_ROOT_CLASS = YES_ERROR;
				CLANG_WARN_RANGE_LOOP_ANALYSIS = YES;
				CLANG_WARN_STRICT_PROTOTYPES = YES;
				CLANG_WARN_SUSPICIOUS_MOVE = YES;
				CLANG_WARN_UNGUARDED_AVAILABILITY = YES_AGGRESSIVE;
				CLANG_WARN_UNREACHABLE_CODE = YES;
				CLANG_WARN__DUPLICATE_METHOD_MATCH = YES;
				CODE_SIGN_IDENTITY = "iPhone Developer";
				COPY_PHASE_STRIP = NO;
				DEBUG_INFORMATION_FORMAT = "dwarf-with-dsym";
				ENABLE_NS_ASSERTIONS = NO;
				ENABLE_STRICT_OBJC_MSGSEND = YES;
				GCC_C_LANGUAGE_STANDARD = gnu11;
				GCC_NO_COMMON_BLOCKS = YES;
				GCC_WARN_64_TO_32_BIT_CONVERSION = YES;
				GCC_WARN_ABOUT_RETURN_TYPE = YES_ERROR;
				GCC_WARN_UNDECLARED_SELECTOR = YES;
				GCC_WARN_UNINITIALIZED_AUTOS = YES_AGGRESSIVE;
				GCC_WARN_UNUSED_FUNCTION = YES;
				GCC_WARN_UNUSED_VARIABLE = YES;
				IPHONEOS_DEPLOYMENT_TARGET = 11.4;
				MTL_ENABLE_DEBUG_INFO = NO;
				SDKROOT = iphoneos;
				SWIFT_COMPILATION_MODE = wholemodule;
				SWIFT_OPTIMIZATION_LEVEL = "-O";
				VALIDATE_PRODUCT = YES;
			};
			name = Release;
		};
		95226DB2225B0366005802D8 /* Debug */ = {
			isa = XCBuildConfiguration;
			buildSettings = {
				ASSETCATALOG_COMPILER_APPICON_NAME = AppIcon;
				CODE_SIGN_STYLE = Automatic;
				INFOPLIST_FILE = "Caculator app/Info.plist";
				LD_RUNPATH_SEARCH_PATHS = (
					"$(inherited)",
					"@executable_path/Frameworks",
				);
				PRODUCT_BUNDLE_IDENTIFIER = "cuonghx2709.Caculator-app";
				PRODUCT_NAME = "$(TARGET_NAME)";
				SWIFT_VERSION = 4.0;
				TARGETED_DEVICE_FAMILY = "1,2";
			};
			name = Debug;
		};
		95226DB3225B0366005802D8 /* Release */ = {
			isa = XCBuildConfiguration;
			buildSettings = {
				ASSETCATALOG_COMPILER_APPICON_NAME = AppIcon;
				CODE_SIGN_STYLE = Automatic;
				INFOPLIST_FILE = "Caculator app/Info.plist";
				LD_RUNPATH_SEARCH_PATHS = (
					"$(inherited)",
					"@executable_path/Frameworks",
				);
				PRODUCT_BUNDLE_IDENTIFIER = "cuonghx2709.Caculator-app";
				PRODUCT_NAME = "$(TARGET_NAME)";
				SWIFT_VERSION = 4.0;
				TARGETED_DEVICE_FAMILY = "1,2";
			};
			name = Release;
		};
/* End XCBuildConfiguration section */

/* Begin XCConfigurationList section */
		95226D9A225B0365005802D8 /* Build configuration list for PBXProject "Caculator app" */ = {
			isa = XCConfigurationList;
			buildConfigurations = (
				95226DAF225B0366005802D8 /* Debug */,
				95226DB0225B0366005802D8 /* Release */,
			);
			defaultConfigurationIsVisible = 0;
			defaultConfigurationName = Release;
		};
		95226DB1225B0366005802D8 /* Build configuration list for PBXNativeTarget "Caculator app" */ = {
			isa = XCConfigurationList;
			buildConfigurations = (
				95226DB2225B0366005802D8 /* Debug */,
				95226DB3225B0366005802D8 /* Release */,
			);
			defaultConfigurationIsVisible = 0;
			defaultConfigurationName = Release;
		};
/* End XCConfigurationList section */
	};
	rootObject = 95226D97225B0365005802D8 /* Project object */;
}
